
Microsoft Visual Studio Solution File, Format Version 12.00
# Visual Studio Version 17
VisualStudioVersion = 17.3.32804.467
MinimumVisualStudioVersion = 10.0.40219.1
Project("{FAE04EC0-301F-11D3-BF4B-00C04F79EFBC}") = "JustVP", "JustVP\JustVP.csproj", "{DE7AA361-4B09-4D7C-A419-CB8FD37363C0}"
EndProject
Global
	GlobalSection(SolutionConfigurationPlatforms) = preSolution
		Debug|Any CPU = Debug|Any CPU
		Release|Any CPU = Release|Any CPU
	EndGlobalSection
	GlobalSection(ProjectConfigurationPlatforms) = postSolution
		{DE7AA361-4B09-4D7C-A419-CB8FD37363C0}.Debug|Any CPU.ActiveCfg = Debug|Any CPU
		{DE7AA361-4B09-4D7C-A419-CB8FD37363C0}.Debug|Any CPU.Build.0 = Debug|Any CPU
		{DE7AA361-4B09-4D7C-A419-CB8FD37363C0}.Release|Any CPU.ActiveCfg = Release|Any CPU
		{DE7AA361-4B09-4D7C-A419-CB8FD37363C0}.Release|Any CPU.Build.0 = Release|Any CPU
	EndGlobalSection
	GlobalSection(SolutionProperties) = preSolution
		HideSolutionNode = FALSE
	EndGlobalSection
	GlobalSection(ExtensibilityGlobals) = postSolution
		SolutionGuid = {98AFED22-EA41-4491-92AC-DA727F512808}
	EndGlobalSection
EndGlobal
